
Microsoft Visual Studio Solution File, Format Version 12.00
# Visual Studio Version 17
VisualStudioVersion = 17.10.35027.167
MinimumVisualStudioVersion = 10.0.40219.1
Project("{9A19103F-16F7-4668-BE54-9A1E7A4F7556}") = "BFPR4B.Apply.Web", "BFPR4B.Apply.Web\BFPR4B.Apply.Web.csproj", "{92B42AB8-0A53-4EAE-9828-75D6F692051D}"
	ProjectSection(ProjectDependencies) = postProject
		{70823365-16E0-4CC1-A2A9-1A3E21F6AB8E} = {70823365-16E0-4CC1-A2A9-1A3E21F6AB8E}
	EndProjectSection
EndProject
Project("{FAE04EC0-301F-11D3-BF4B-00C04F79EFBC}") = "BFPR4B.Apply.Utility", "BFPR4B.Apply.Utility\BFPR4B.Apply.Utility.csproj", "{70823365-16E0-4CC1-A2A9-1A3E21F6AB8E}"
EndProject
Global
	GlobalSection(SolutionConfigurationPlatforms) = preSolution
		Debug|Any CPU = Debug|Any CPU
		Release|Any CPU = Release|Any CPU
	EndGlobalSection
	GlobalSection(ProjectConfigurationPlatforms) = postSolution
		{92B42AB8-0A53-4EAE-9828-75D6F692051D}.Debug|Any CPU.ActiveCfg = Debug|Any CPU
		{92B42AB8-0A53-4EAE-9828-75D6F692051D}.Debug|Any CPU.Build.0 = Debug|Any CPU
		{92B42AB8-0A53-4EAE-9828-75D6F692051D}.Release|Any CPU.ActiveCfg = Release|Any CPU
		{92B42AB8-0A53-4EAE-9828-75D6F692051D}.Release|Any CPU.Build.0 = Release|Any CPU
		{70823365-16E0-4CC1-A2A9-1A3E21F6AB8E}.Debug|Any CPU.ActiveCfg = Debug|Any CPU
		{70823365-16E0-4CC1-A2A9-1A3E21F6AB8E}.Debug|Any CPU.Build.0 = Debug|Any CPU
		{70823365-16E0-4CC1-A2A9-1A3E21F6AB8E}.Release|Any CPU.ActiveCfg = Release|Any CPU
		{70823365-16E0-4CC1-A2A9-1A3E21F6AB8E}.Release|Any CPU.Build.0 = Release|Any CPU
	EndGlobalSection
	GlobalSection(SolutionProperties) = preSolution
		HideSolutionNode = FALSE
	EndGlobalSection
	GlobalSection(ExtensibilityGlobals) = postSolution
		SolutionGuid = {81D43DCE-A069-4147-B974-5BEE4080B12D}
	EndGlobalSection
EndGlobal
